
Microsoft Visual Studio Solution File, Format Version 12.00
# Visual Studio Version 17
VisualStudioVersion = 17.0.31903.59
MinimumVisualStudioVersion = 10.0.40219.1
Project("{FAE04EC0-301F-11D3-BF4B-00C04F79EFBC}") = "BureaucratPdf.Core", "BureaucratPdf.Core\BureaucratPdf.Core.csproj", "{A2D41DD9-1511-4B63-A168-AA446D9A9A3B}"
EndProject
Project("{FAE04EC0-301F-11D3-BF4B-00C04F79EFBC}") = "BureaucratPdf.App", "BureaucratPdf.App\BureaucratPdf.App.csproj", "{FE99C9A3-7A68-41ED-8A16-D63DF3323794}"
EndProject
Project("{FAE04EC0-301F-11D3-BF4B-00C04F79EFBC}") = "BureaucratPdf.Core.Tests", "BureaucratPdf.Core.Tests\BureaucratPdf.Core.Tests.csproj", "{8691AFAC-8BE5-4FF4-8752-0687B50DBB80}"
EndProject
Global
	GlobalSection(SolutionConfigurationPlatforms) = preSolution
		Debug|Any CPU = Debug|Any CPU
		Release|Any CPU = Release|Any CPU
	EndGlobalSection
	GlobalSection(SolutionProperties) = preSolution
		HideSolutionNode = FALSE
	EndGlobalSection
	GlobalSection(ProjectConfigurationPlatforms) = postSolution
		{A2D41DD9-1511-4B63-A168-AA446D9A9A3B}.Debug|Any CPU.ActiveCfg = Debug|Any CPU
		{A2D41DD9-1511-4B63-A168-AA446D9A9A3B}.Debug|Any CPU.Build.0 = Debug|Any CPU
		{A2D41DD9-1511-4B63-A168-AA446D9A9A3B}.Release|Any CPU.ActiveCfg = Release|Any CPU
		{A2D41DD9-1511-4B63-A168-AA446D9A9A3B}.Release|Any CPU.Build.0 = Release|Any CPU
		{FE99C9A3-7A68-41ED-8A16-D63DF3323794}.Debug|Any CPU.ActiveCfg = Debug|x64
		{FE99C9A3-7A68-41ED-8A16-D63DF3323794}.Debug|Any CPU.Build.0 = Debug|x64
		{FE99C9A3-7A68-41ED-8A16-D63DF3323794}.Release|Any CPU.ActiveCfg = Release|x64
		{FE99C9A3-7A68-41ED-8A16-D63DF3323794}.Release|Any CPU.Build.0 = Release|x64
		{8691AFAC-8BE5-4FF4-8752-0687B50DBB80}.Debug|Any CPU.ActiveCfg = Debug|Any CPU
		{8691AFAC-8BE5-4FF4-8752-0687B50DBB80}.Debug|Any CPU.Build.0 = Debug|Any CPU
		{8691AFAC-8BE5-4FF4-8752-0687B50DBB80}.Release|Any CPU.ActiveCfg = Release|Any CPU
		{8691AFAC-8BE5-4FF4-8752-0687B50DBB80}.Release|Any CPU.Build.0 = Release|Any CPU
	EndGlobalSection
EndGlobal
